%{
  "nimble_options": {:hex, :nimble_options, "1.0.1", "b448018287b22584e91b5fd9c6c0ad717cb4bcdaa457957c8d57770f56625c43", [:mix], [], "hexpm", "078b2927cd9f84555be6386d56e849b0c555025ecccf7afee00ab6a9e6f63837"},
  "nimble_pool": {:hex, :nimble_pool, "0.2.6", "91f2f4c357da4c4a0a548286c84a3a28004f68f05609b4534526871a22053cde", [:mix], [], "hexpm", "1c715055095d3f2705c4e236c18b618420a35490da94149ff8b580a2144f653f"},
  "redix": {:hex, :redix, "1.2.2", "8cb86693242627e01419fe9a2babed5c54fa5ef4c93e2ee33135e614e54d8227", [:mix], [{:castore, "~> 0.1.0 or ~> 1.0", [hex: :castore, repo: "hexpm", optional: true]}, {:nimble_options, "~> 0.5.0 or ~> 1.0", [hex: :nimble_options, repo: "hexpm", optional: false]}, {:telemetry, "~> 0.4.0 or ~> 1.0", [hex: :telemetry, repo: "hexpm", optional: false]}], "hexpm", "8662a075e2db2f9b6c81efea1603f72b9e7424de1d30ad8942acc0b458412d3f"},
  "telemetry": {:hex, :telemetry, "1.2.1", "68fdfe8d8f05a8428483a97d7aab2f268aaff24b49e0f599faa091f1d4e7f61c", [:rebar3], [], "hexpm", "dad9ce9d8effc621708f99eac538ef1cbe05d6a874dd741de2e689c47feafed5"},
}
